
Microsoft Visual Studio Solution File, Format Version 12.00
# Visual Studio Version 17
VisualStudioVersion = 17.10.35027.167
MinimumVisualStudioVersion = 10.0.40219.1
Project("{FAE04EC0-301F-11D3-BF4B-00C04F79EFBC}") = "network-info", "network-info.csproj", "{FBB5AAC2-384D-4035-8F44-2117471E9AFC}"
EndProject
Global
	GlobalSection(SolutionConfigurationPlatforms) = preSolution
		Debug|Any CPU = Debug|Any CPU
		Release|Any CPU = Release|Any CPU
	EndGlobalSection
	GlobalSection(ProjectConfigurationPlatforms) = postSolution
		{FBB5AAC2-384D-4035-8F44-2117471E9AFC}.Debug|Any CPU.ActiveCfg = Debug|Any CPU
		{FBB5AAC2-384D-4035-8F44-2117471E9AFC}.Debug|Any CPU.Build.0 = Debug|Any CPU
		{FBB5AAC2-384D-4035-8F44-2117471E9AFC}.Debug|Any CPU.Deploy.0 = Debug|Any CPU
		{FBB5AAC2-384D-4035-8F44-2117471E9AFC}.Release|Any CPU.ActiveCfg = Release|Any CPU
		{FBB5AAC2-384D-4035-8F44-2117471E9AFC}.Release|Any CPU.Build.0 = Release|Any CPU
		{FBB5AAC2-384D-4035-8F44-2117471E9AFC}.Release|Any CPU.Deploy.0 = Release|Any CPU
	EndGlobalSection
	GlobalSection(SolutionProperties) = preSolution
		HideSolutionNode = FALSE
	EndGlobalSection
	GlobalSection(ExtensibilityGlobals) = postSolution
		SolutionGuid = {5B2ED708-405A-42CB-9E34-D0A1002F495F}
	EndGlobalSection
EndGlobal
